
Microsoft Visual Studio Solution File, Format Version 12.00
# Visual Studio 14
VisualStudioVersion = 14.0.23107.0
MinimumVisualStudioVersion = 10.0.40219.1
Project("{FAE04EC0-301F-11D3-BF4B-00C04F79EFBC}") = "WinBebop", "WinBebop\WinBebop.csproj", "{A89DB139-12C9-4B59-91CA-9B9C99DEA67C}"
EndProject
Global
	GlobalSection(SolutionConfigurationPlatforms) = preSolution
		Debug|Any CPU = Debug|Any CPU
		Release|Any CPU = Release|Any CPU
	EndGlobalSection
	GlobalSection(ProjectConfigurationPlatforms) = postSolution
		{A89DB139-12C9-4B59-91CA-9B9C99DEA67C}.Debug|Any CPU.ActiveCfg = Debug|Any CPU
		{A89DB139-12C9-4B59-91CA-9B9C99DEA67C}.Debug|Any CPU.Build.0 = Debug|Any CPU
		{A89DB139-12C9-4B59-91CA-9B9C99DEA67C}.Release|Any CPU.ActiveCfg = Release|Any CPU
		{A89DB139-12C9-4B59-91CA-9B9C99DEA67C}.Release|Any CPU.Build.0 = Release|Any CPU
	EndGlobalSection
	GlobalSection(SolutionProperties) = preSolution
		HideSolutionNode = FALSE
	EndGlobalSection
EndGlobal
